<?xml version="1.0" encoding="utf-8"?>
<Project ToolsVersion="4.0" xmlns="http://schemas.microsoft.com/developer/msbuild/2003">
  <ItemGroup>
    <Filter Include="소스 파일">
      <UniqueIdentifier>{4FC737F1-C7A5-4376-A066-2A32D752A2FF}</UniqueIdentifier>
      <Extensions>cpp;c;cc;cxx;c++;cppm;ixx;def;odl;idl;hpj;bat;asm;asmx</Extensions>
    </Filter>
    <Filter Include="리소스 파일">
      <UniqueIdentifier>{67DA6AB6-F800-4c08-8B7A-83BB121AAD01}</UniqueIdentifier>
      <Extensions>rc;ico;cur;bmp;dlg;rc2;rct;bin;rgs;gif;jpg;jpeg;jpe;resx;tiff;tif;png;wav;mfcribbon-ms</Extensions>
    </Filter>
    <Filter Include="Import">
      <UniqueIdentifier>{36da0f17-71c5-4526-9e39-ace7ba60a373}</UniqueIdentifier>
    </Filter>
    <Filter Include="헤더 파일">
      <UniqueIdentifier>{93995380-89BD-4b04-88EB-625FBE52EBFB}</UniqueIdentifier>
      <Extensions>h;hh;hpp;hxx;h++;hm;inl;inc;ipp;xsd</Extensions>
    </Filter>
  </ItemGroup>
  <ItemGroup>
    <ClInclude Include="framework.h">
      <Filter>헤더 파일</Filter>
    </ClInclude>
    <ClInclude Include="targetver.h">
      <Filter>헤더 파일</Filter>
    </ClInclude>
    <ClInclude Include="Resource.h">
      <Filter>헤더 파일</Filter>
    </ClInclude>
    <ClInclude Include="SCViewer.h">
      <Filter>헤더 파일</Filter>
    </ClInclude>
    <ClInclude Include="SecuDoc.h">
      <Filter>헤더 파일</Filter>
    </ClInclude>
    <ClInclude Include="CSHMFileInfo.h">
      <Filter>헤더 파일</Filter>
    </ClInclude>
    <ClInclude Include="DragandDrop.h">
      <Filter>헤더 파일</Filter>
    </ClInclude>
    <ClInclude Include="..\..\..\Common\Include\SCMsgBoxMgr.h">
      <Filter>Import</Filter>
    </ClInclude>
    <ClInclude Include="..\..\DSCommon\Include\DSResStrDefine.h">
      <Filter>Import</Filter>
    </ClInclude>
    <ClInclude Include="D:\TFS\Development\DS\HookModule\DSEDCommon\IDSEDCommon.h">
      <Filter>Import</Filter>
    </ClInclude>
  </ItemGroup>
  <ItemGroup>
    <ClCompile Include="SCViewer.cpp">
      <Filter>소스 파일</Filter>
    </ClCompile>
    <ClCompile Include="SecuDoc.cpp">
      <Filter>소스 파일</Filter>
    </ClCompile>
    <ClCompile Include="CSHMFileInfo.cpp">
      <Filter>소스 파일</Filter>
    </ClCompile>
    <ClCompile Include="..\..\..\Common\SRC\SCMsgBoxMgr.cpp">
      <Filter>Import</Filter>
    </ClCompile>
  </ItemGroup>
  <ItemGroup>
    <ResourceCompile Include="SCViewer.rc">
      <Filter>리소스 파일</Filter>
    </ResourceCompile>
  </ItemGroup>
  <ItemGroup>
    <Image Include="SCPDFViewer.ico">
      <Filter>리소스 파일</Filter>
    </Image>
    <Image Include="C:\Users\Security365\source\repos\SCViewer\SCPDFViewer.ico">
      <Filter>리소스 파일</Filter>
    </Image>
  </ItemGroup>
  <ItemGroup>
    <None Include="packages.config" />
    <None Include="..\..\AgentDLL\DSSettings\DSSettings.vcxproj" />
  </ItemGroup>
</Project>